// !$*UTF8*$!
{
	archiveVersion = 1;
	classes = {
	};
	objectVersion = 50;
	objects = {

/* Begin PBXBuildFile section */
		DB24D66825D1B63D004C19B2 /* AppDelegate.swift in Sources */ = {isa = PBXBuildFile; fileRef = DB24D66725D1B63D004C19B2 /* AppDelegate.swift */; };
		DB24D66A25D1B63D004C19B2 /* SceneDelegate.swift in Sources */ = {isa = PBXBuildFile; fileRef = DB24D66925D1B63D004C19B2 /* SceneDelegate.swift */; };
		DB24D66C25D1B63D004C19B2 /* ViewController.swift in Sources */ = {isa = PBXBuildFile; fileRef = DB24D66B25D1B63D004C19B2 /* ViewController.swift */; };
		DB24D66F25D1B63D004C19B2 /* Main.storyboard in Resources */ = {isa = PBXBuildFile; fileRef = DB24D66D25D1B63D004C19B2 /* Main.storyboard */; };
		DB24D67125D1B63F004C19B2 /* Assets.xcassets in Resources */ = {isa = PBXBuildFile; fileRef = DB24D67025D1B63F004C19B2 /* Assets.xcassets */; };
		DB24D67425D1B63F004C19B2 /* LaunchScreen.storyboard in Resources */ = {isa = PBXBuildFile; fileRef = DB24D67225D1B63F004C19B2 /* LaunchScreen.storyboard */; };
		DB24D67F25D1B640004C19B2 /* PruebaTestTests.swift in Sources */ = {isa = PBXBuildFile; fileRef = DB24D67E25D1B640004C19B2 /* PruebaTestTests.swift */; };
		DB24D68A25D1B640004C19B2 /* PruebaTestUITests.swift in Sources */ = {isa = PBXBuildFile; fileRef = DB24D68925D1B640004C19B2 /* PruebaTestUITests.swift */; };
/* End PBXBuildFile section */

/* Begin PBXContainerItemProxy section */
		DB24D67B25D1B640004C19B2 /* PBXContainerItemProxy */ = {
			isa = PBXContainerItemProxy;
			containerPortal = DB24D65C25D1B63D004C19B2 /* Project object */;
			proxyType = 1;
			remoteGlobalIDString = DB24D66325D1B63D004C19B2;
			remoteInfo = PruebaTest;
		};
		DB24D68625D1B640004C19B2 /* PBXContainerItemProxy */ = {
			isa = PBXContainerItemProxy;
			containerPortal = DB24D65C25D1B63D004C19B2 /* Project object */;
			proxyType = 1;
			remoteGlobalIDString = DB24D66325D1B63D004C19B2;
			remoteInfo = PruebaTest;
		};
/* End PBXContainerItemProxy section */

/* Begin PBXFileReference section */
		DB24D66425D1B63D004C19B2 /* PruebaTest.app */ = {isa = PBXFileReference; explicitFileType = wrapper.application; includeInIndex = 0; path = PruebaTest.app; sourceTree = BUILT_PRODUCTS_DIR; };
		DB24D66725D1B63D004C19B2 /* AppDelegate.swift */ = {isa = PBXFileReference; lastKnownFileType = sourcecode.swift; path = AppDelegate.swift; sourceTree = "<group>"; };
		DB24D66925D1B63D004C19B2 /* SceneDelegate.swift */ = {isa = PBXFileReference; lastKnownFileType = sourcecode.swift; path = SceneDelegate.swift; sourceTree = "<group>"; };
		DB24D66B25D1B63D004C19B2 /* ViewController.swift */ = {isa = PBXFileReference; lastKnownFileType = sourcecode.swift; path = ViewController.swift; sourceTree = "<group>"; };
		DB24D66E25D1B63D004C19B2 /* Base */ = {isa = PBXFileReference; lastKnownFileType = file.storyboard; name = Base; path = Base.lproj/Main.storyboard; sourceTree = "<group>"; };
		DB24D67025D1B63F004C19B2 /* Assets.xcassets */ = {isa = PBXFileReference; lastKnownFileType = folder.assetcatalog; path = Assets.xcassets; sourceTree = "<group>"; };
		DB24D67325D1B63F004C19B2 /* Base */ = {isa = PBXFileReference; lastKnownFileType = file.storyboard; name = Base; path = Base.lproj/LaunchScreen.storyboard; sourceTree = "<group>"; };
		DB24D67525D1B63F004C19B2 /* Info.plist */ = {isa = PBXFileReference; lastKnownFileType = text.plist.xml; path = Info.plist; sourceTree = "<group>"; };
		DB24D67A25D1B640004C19B2 /* PruebaTestTests.xctest */ = {isa = PBXFileReference; explicitFileType = wrapper.cfbundle; includeInIndex = 0; path = PruebaTestTests.xctest; sourceTree = BUILT_PRODUCTS_DIR; };
		DB24D67E25D1B640004C19B2 /* PruebaTestTests.swift */ = {isa = PBXFileReference; lastKnownFileType = sourcecode.swift; path = PruebaTestTests.swift; sourceTree = "<group>"; };
		DB24D68025D1B640004C19B2 /* Info.plist */ = {isa = PBXFileReference; lastKnownFileType = text.plist.xml; path = Info.plist; sourceTree = "<group>"; };
		DB24D68525D1B640004C19B2 /* PruebaTestUITests.xctest */ = {isa = PBXFileReference; explicitFileType = wrapper.cfbundle; includeInIndex = 0; path = PruebaTestUITests.xctest; sourceTree = BUILT_PRODUCTS_DIR; };
		DB24D68925D1B640004C19B2 /* PruebaTestUITests.swift */ = {isa = PBXFileReference; lastKnownFileType = sourcecode.swift; path = PruebaTestUITests.swift; sourceTree = "<group>"; };
		DB24D68B25D1B640004C19B2 /* Info.plist */ = {isa = PBXFileReference; lastKnownFileType = text.plist.xml; path = Info.plist; sourceTree = "<group>"; };
/* End PBXFileReference section */

/* Begin PBXFrameworksBuildPhase section */
		DB24D66125D1B63D004C19B2 /* Frameworks */ = {
			isa = PBXFrameworksBuildPhase;
			buildActionMask = 2147483647;
			files = (
			);
			runOnlyForDeploymentPostprocessing = 0;
		};
		DB24D67725D1B640004C19B2 /* Frameworks */ = {
			isa = PBXFrameworksBuildPhase;
			buildActionMask = 2147483647;
			files = (
			);
			runOnlyForDeploymentPostprocessing = 0;
		};
		DB24D68225D1B640004C19B2 /* Frameworks */ = {
			isa = PBXFrameworksBuildPhase;
			buildActionMask = 2147483647;
			files = (
			);
			runOnlyForDeploymentPostprocessing = 0;
		};
/* End PBXFrameworksBuildPhase section */

/* Begin PBXGroup section */
		DB24D65B25D1B63D004C19B2 = {
			isa = PBXGroup;
			children = (
				DB24D66625D1B63D004C19B2 /* PruebaTest */,
				DB24D67D25D1B640004C19B2 /* PruebaTestTests */,
				DB24D68825D1B640004C19B2 /* PruebaTestUITests */,
				DB24D66525D1B63D004C19B2 /* Products */,
			);
			sourceTree = "<group>";
		};
		DB24D66525D1B63D004C19B2 /* Products */ = {
			isa = PBXGroup;
			children = (
				DB24D66425D1B63D004C19B2 /* PruebaTest.app */,
				DB24D67A25D1B640004C19B2 /* PruebaTestTests.xctest */,
				DB24D68525D1B640004C19B2 /* PruebaTestUITests.xctest */,
			);
			name = Products;
			sourceTree = "<group>";
		};
		DB24D66625D1B63D004C19B2 /* PruebaTest */ = {
			isa = PBXGroup;
			children = (
				DB24D66725D1B63D004C19B2 /* AppDelegate.swift */,
				DB24D66925D1B63D004C19B2 /* SceneDelegate.swift */,
				DB24D66B25D1B63D004C19B2 /* ViewController.swift */,
				DB24D66D25D1B63D004C19B2 /* Main.storyboard */,
				DB24D67025D1B63F004C19B2 /* Assets.xcassets */,
				DB24D67225D1B63F004C19B2 /* LaunchScreen.storyboard */,
				DB24D67525D1B63F004C19B2 /* Info.plist */,
			);
			path = PruebaTest;
			sourceTree = "<group>";
		};
		DB24D67D25D1B640004C19B2 /* PruebaTestTests */ = {
			isa = PBXGroup;
			children = (
				DB24D67E25D1B640004C19B2 /* PruebaTestTests.swift */,
				DB24D68025D1B640004C19B2 /* Info.plist */,
			);
			path = PruebaTestTests;
			sourceTree = "<group>";
		};
		DB24D68825D1B640004C19B2 /* PruebaTestUITests */ = {
			isa = PBXGroup;
			children = (
				DB24D68925D1B640004C19B2 /* PruebaTestUITests.swift */,
				DB24D68B25D1B640004C19B2 /* Info.plist */,
			);
			path = PruebaTestUITests;
			sourceTree = "<group>";
		};
/* End PBXGroup section */

/* Begin PBXNativeTarget section */
		DB24D66325D1B63D004C19B2 /* PruebaTest */ = {
			isa = PBXNativeTarget;
			buildConfigurationList = DB24D68E25D1B640004C19B2 /* Build configuration list for PBXNativeTarget "PruebaTest" */;
			buildPhases = (
				DB24D66025D1B63D004C19B2 /* Sources */,
				DB24D66125D1B63D004C19B2 /* Frameworks */,
				DB24D66225D1B63D004C19B2 /* Resources */,
			);
			buildRules = (
			);
			dependencies = (
			);
			name = PruebaTest;
			productName = PruebaTest;
			productReference = DB24D66425D1B63D004C19B2 /* PruebaTest.app */;
			productType = "com.apple.product-type.application";
		};
		DB24D67925D1B640004C19B2 /* PruebaTestTests */ = {
			isa = PBXNativeTarget;
			buildConfigurationList = DB24D69125D1B640004C19B2 /* Build configuration list for PBXNativeTarget "PruebaTestTests" */;
			buildPhases = (
				DB24D67625D1B640004C19B2 /* Sources */,
				DB24D67725D1B640004C19B2 /* Frameworks */,
				DB24D67825D1B640004C19B2 /* Resources */,
			);
			buildRules = (
			);
			dependencies = (
				DB24D67C25D1B640004C19B2 /* PBXTargetDependency */,
			);
			name = PruebaTestTests;
			productName = PruebaTestTests;
			productReference = DB24D67A25D1B640004C19B2 /* PruebaTestTests.xctest */;
			productType = "com.apple.product-type.bundle.unit-test";
		};
		DB24D68425D1B640004C19B2 /* PruebaTestUITests */ = {
			isa = PBXNativeTarget;
			buildConfigurationList = DB24D69425D1B640004C19B2 /* Build configuration list for PBXNativeTarget "PruebaTestUITests" */;
			buildPhases = (
				DB24D68125D1B640004C19B2 /* Sources */,
				DB24D68225D1B640004C19B2 /* Frameworks */,
				DB24D68325D1B640004C19B2 /* Resources */,
			);
			buildRules = (
			);
			dependencies = (
				DB24D68725D1B640004C19B2 /* PBXTargetDependency */,
			);
			name = PruebaTestUITests;
			productName = PruebaTestUITests;
			productReference = DB24D68525D1B640004C19B2 /* PruebaTestUITests.xctest */;
			productType = "com.apple.product-type.bundle.ui-testing";
		};
/* End PBXNativeTarget section */

/* Begin PBXProject section */
		DB24D65C25D1B63D004C19B2 /* Project object */ = {
			isa = PBXProject;
			attributes = {
				LastSwiftUpdateCheck = 1240;
				LastUpgradeCheck = 1240;
				TargetAttributes = {
					DB24D66325D1B63D004C19B2 = {
						CreatedOnToolsVersion = 12.4;
					};
					DB24D67925D1B640004C19B2 = {
						CreatedOnToolsVersion = 12.4;
						TestTargetID = DB24D66325D1B63D004C19B2;
					};
					DB24D68425D1B640004C19B2 = {
						CreatedOnToolsVersion = 12.4;
						TestTargetID = DB24D66325D1B63D004C19B2;
					};
				};
			};
			buildConfigurationList = DB24D65F25D1B63D004C19B2 /* Build configuration list for PBXProject "PruebaTest" */;
			compatibilityVersion = "Xcode 9.3";
			developmentRegion = en;
			hasScannedForEncodings = 0;
			knownRegions = (
				en,
				Base,
			);
			mainGroup = DB24D65B25D1B63D004C19B2;
			productRefGroup = DB24D66525D1B63D004C19B2 /* Products */;
			projectDirPath = "";
			projectRoot = "";
			targets = (
				DB24D66325D1B63D004C19B2 /* PruebaTest */,
				DB24D67925D1B640004C19B2 /* PruebaTestTests */,
				DB24D68425D1B640004C19B2 /* PruebaTestUITests */,
			);
		};
/* End PBXProject section */

/* Begin PBXResourcesBuildPhase section */
		DB24D66225D1B63D004C19B2 /* Resources */ = {
			isa = PBXResourcesBuildPhase;
			buildActionMask = 2147483647;
			files = (
				DB24D67425D1B63F004C19B2 /* LaunchScreen.storyboard in Resources */,
				DB24D67125D1B63F004C19B2 /* Assets.xcassets in Resources */,
				DB24D66F25D1B63D004C19B2 /* Main.storyboard in Resources */,
			);
			runOnlyForDeploymentPostprocessing = 0;
		};
		DB24D67825D1B640004C19B2 /* Resources */ = {
			isa = PBXResourcesBuildPhase;
			buildActionMask = 2147483647;
			files = (
			);
			runOnlyForDeploymentPostprocessing = 0;
		};
		DB24D68325D1B640004C19B2 /* Resources */ = {
			isa = PBXResourcesBuildPhase;
			buildActionMask = 2147483647;
			files = (
			);
			runOnlyForDeploymentPostprocessing = 0;
		};
/* End PBXResourcesBuildPhase section */

/* Begin PBXSourcesBuildPhase section */
		DB24D66025D1B63D004C19B2 /* Sources */ = {
			isa = PBXSourcesBuildPhase;
			buildActionMask = 2147483647;
			files = (
				DB24D66C25D1B63D004C19B2 /* ViewController.swift in Sources */,
				DB24D66825D1B63D004C19B2 /* AppDelegate.swift in Sources */,
				DB24D66A25D1B63D004C19B2 /* SceneDelegate.swift in Sources */,
			);
			runOnlyForDeploymentPostprocessing = 0;
		};
		DB24D67625D1B640004C19B2 /* Sources */ = {
			isa = PBXSourcesBuildPhase;
			buildActionMask = 2147483647;
			files = (
				DB24D67F25D1B640004C19B2 /* PruebaTestTests.swift in Sources */,
			);
			runOnlyForDeploymentPostprocessing = 0;
		};
		DB24D68125D1B640004C19B2 /* Sources */ = {
			isa = PBXSourcesBuildPhase;
			buildActionMask = 2147483647;
			files = (
				DB24D68A25D1B640004C19B2 /* PruebaTestUITests.swift in Sources */,
			);
			runOnlyForDeploymentPostprocessing = 0;
		};
/* End PBXSourcesBuildPhase section */

/* Begin PBXTargetDependency section */
		DB24D67C25D1B640004C19B2 /* PBXTargetDependency */ = {
			isa = PBXTargetDependency;
			target = DB24D66325D1B63D004C19B2 /* PruebaTest */;
			targetProxy = DB24D67B25D1B640004C19B2 /* PBXContainerItemProxy */;
		};
		DB24D68725D1B640004C19B2 /* PBXTargetDependency */ = {
			isa = PBXTargetDependency;
			target = DB24D66325D1B63D004C19B2 /* PruebaTest */;
			targetProxy = DB24D68625D1B640004C19B2 /* PBXContainerItemProxy */;
		};
/* End PBXTargetDependency section */

/* Begin PBXVariantGroup section */
		DB24D66D25D1B63D004C19B2 /* Main.storyboard */ = {
			isa = PBXVariantGroup;
			children = (
				DB24D66E25D1B63D004C19B2 /* Base */,
			);
			name = Main.storyboard;
			sourceTree = "<group>";
		};
		DB24D67225D1B63F004C19B2 /* LaunchScreen.storyboard */ = {
			isa = PBXVariantGroup;
			children = (
				DB24D67325D1B63F004C19B2 /* Base */,
			);
			name = LaunchScreen.storyboard;
			sourceTree = "<group>";
		};
/* End PBXVariantGroup section */

/* Begin XCBuildConfiguration section */
		DB24D68C25D1B640004C19B2 /* Debug */ = {
			isa = XCBuildConfiguration;
			buildSettings = {
				ALWAYS_SEARCH_USER_PATHS = NO;
				CLANG_ANALYZER_NONNULL = YES;
				CLANG_ANALYZER_NUMBER_OBJECT_CONVERSION = YES_AGGRESSIVE;
				CLANG_CXX_LANGUAGE_STANDARD = "gnu++14";
				CLANG_CXX_LIBRARY = "libc++";
				CLANG_ENABLE_MODULES = YES;
				CLANG_ENABLE_OBJC_ARC = YES;
				CLANG_ENABLE_OBJC_WEAK = YES;
				CLANG_WARN_BLOCK_CAPTURE_AUTORELEASING = YES;
				CLANG_WARN_BOOL_CONVERSION = YES;
				CLANG_WARN_COMMA = YES;
				CLANG_WARN_CONSTANT_CONVERSION = YES;
				CLANG_WARN_DEPRECATED_OBJC_IMPLEMENTATIONS = YES;
				CLANG_WARN_DIRECT_OBJC_ISA_USAGE = YES_ERROR;
				CLANG_WARN_DOCUMENTATION_COMMENTS = YES;
				CLANG_WARN_EMPTY_BODY = YES;
				CLANG_WARN_ENUM_CONVERSION = YES;
				CLANG_WARN_INFINITE_RECURSION = YES;
				CLANG_WARN_INT_CONVERSION = YES;
				CLANG_WARN_NON_LITERAL_NULL_CONVERSION = YES;
				CLANG_WARN_OBJC_IMPLICIT_RETAIN_SELF = YES;
				CLANG_WARN_OBJC_LITERAL_CONVERSION = YES;
				CLANG_WARN_OBJC_ROOT_CLASS = YES_ERROR;
				CLANG_WARN_QUOTED_INCLUDE_IN_FRAMEWORK_HEADER = YES;
				CLANG_WARN_RANGE_LOOP_ANALYSIS = YES;
				CLANG_WARN_STRICT_PROTOTYPES = YES;
				CLANG_WARN_SUSPICIOUS_MOVE = YES;
				CLANG_WARN_UNGUARDED_AVAILABILITY = YES_AGGRESSIVE;
				CLANG_WARN_UNREACHABLE_CODE = YES;
				CLANG_WARN__DUPLICATE_METHOD_MATCH = YES;
				COPY_PHASE_STRIP = NO;
				DEBUG_INFORMATION_FORMAT = dwarf;
				ENABLE_STRICT_OBJC_MSGSEND = YES;
				ENABLE_TESTABILITY = YES;
				GCC_C_LANGUAGE_STANDARD = gnu11;
				GCC_DYNAMIC_NO_PIC = NO;
				GCC_NO_COMMON_BLOCKS = YES;
				GCC_OPTIMIZATION_LEVEL = 0;
				GCC_PREPROCESSOR_DEFINITIONS = (
					"DEBUG=1",
					"$(inherited)",
				);
				GCC_WARN_64_TO_32_BIT_CONVERSION = YES;
				GCC_WARN_ABOUT_RETURN_TYPE = YES_ERROR;
				GCC_WARN_UNDECLARED_SELECTOR = YES;
				GCC_WARN_UNINITIALIZED_AUTOS = YES_AGGRESSIVE;
				GCC_WARN_UNUSED_FUNCTION = YES;
				GCC_WARN_UNUSED_VARIABLE = YES;
				IPHONEOS_DEPLOYMENT_TARGET = 14.4;
				MTL_ENABLE_DEBUG_INFO = INCLUDE_SOURCE;
				MTL_FAST_MATH = YES;
				ONLY_ACTIVE_ARCH = YES;
				SDKROOT = iphoneos;
				SWIFT_ACTIVE_COMPILATION_CONDITIONS = DEBUG;
				SWIFT_OPTIMIZATION_LEVEL = "-Onone";
			};
			name = Debug;
		};
		DB24D68D25D1B640004C19B2 /* Release */ = {
			isa = XCBuildConfiguration;
			buildSettings = {
				ALWAYS_SEARCH_USER_PATHS = NO;
				CLANG_ANALYZER_NONNULL = YES;
				CLANG_ANALYZER_NUMBER_OBJECT_CONVERSION = YES_AGGRESSIVE;
				CLANG_CXX_LANGUAGE_STANDARD = "gnu++14";
				CLANG_CXX_LIBRARY = "libc++";
				CLANG_ENABLE_MODULES = YES;
				CLANG_ENABLE_OBJC_ARC = YES;
				CLANG_ENABLE_OBJC_WEAK = YES;
				CLANG_WARN_BLOCK_CAPTURE_AUTORELEASING = YES;
				CLANG_WARN_BOOL_CONVERSION = YES;
				CLANG_WARN_COMMA = YES;
				CLANG_WARN_CONSTANT_CONVERSION = YES;
				CLANG_WARN_DEPRECATED_OBJC_IMPLEMENTATIONS = YES;
				CLANG_WARN_DIRECT_OBJC_ISA_USAGE = YES_ERROR;
				CLANG_WARN_DOCUMENTATION_COMMENTS = YES;
				CLANG_WARN_EMPTY_BODY = YES;
				CLANG_WARN_ENUM_CONVERSION = YES;
				CLANG_WARN_INFINITE_RECURSION = YES;
				CLANG_WARN_INT_CONVERSION = YES;
				CLANG_WARN_NON_LITERAL_NULL_CONVERSION = YES;
				CLANG_WARN_OBJC_IMPLICIT_RETAIN_SELF = YES;
				CLANG_WARN_OBJC_LITERAL_CONVERSION = YES;
				CLANG_WARN_OBJC_ROOT_CLASS = YES_ERROR;
				CLANG_WARN_QUOTED_INCLUDE_IN_FRAMEWORK_HEADER = YES;
				CLANG_WARN_RANGE_LOOP_ANALYSIS = YES;
				CLANG_WARN_STRICT_PROTOTYPES = YES;
				CLANG_WARN_SUSPICIOUS_MOVE = YES;
				CLANG_WARN_UNGUARDED_AVAILABILITY = YES_AGGRESSIVE;
				CLANG_WARN_UNREACHABLE_CODE = YES;
				CLANG_WARN__DUPLICATE_METHOD_MATCH = YES;
				COPY_PHASE_STRIP = NO;
				DEBUG_INFORMATION_FORMAT = "dwarf-with-dsym";
				ENABLE_NS_ASSERTIONS = NO;
				ENABLE_STRICT_OBJC_MSGSEND = YES;
				GCC_C_LANGUAGE_STANDARD = gnu11;
				GCC_NO_COMMON_BLOCKS = YES;
				GCC_WARN_64_TO_32_BIT_CONVERSION = YES;
				GCC_WARN_ABOUT_RETURN_TYPE = YES_ERROR;
				GCC_WARN_UNDECLARED_SELECTOR = YES;
				GCC_WARN_UNINITIALIZED_AUTOS = YES_AGGRESSIVE;
				GCC_WARN_UNUSED_FUNCTION = YES;
				GCC_WARN_UNUSED_VARIABLE = YES;
				IPHONEOS_DEPLOYMENT_TARGET = 14.4;
				MTL_ENABLE_DEBUG_INFO = NO;
				MTL_FAST_MATH = YES;
				SDKROOT = iphoneos;
				SWIFT_COMPILATION_MODE = wholemodule;
				SWIFT_OPTIMIZATION_LEVEL = "-O";
				VALIDATE_PRODUCT = YES;
			};
			name = Release;
		};
		DB24D68F25D1B640004C19B2 /* Debug */ = {
			isa = XCBuildConfiguration;
			buildSettings = {
				ASSETCATALOG_COMPILER_APPICON_NAME = AppIcon;
				ASSETCATALOG_COMPILER_GLOBAL_ACCENT_COLOR_NAME = AccentColor;
				CODE_SIGN_STYLE = Automatic;
				DEVELOPMENT_TEAM = 466V96X8L3;
				INFOPLIST_FILE = PruebaTest/Info.plist;
				LD_RUNPATH_SEARCH_PATHS = (
					"$(inherited)",
					"@executable_path/Frameworks",
				);
				PRODUCT_BUNDLE_IDENTIFIER = com.Cesaga.PruebaTest;
				PRODUCT_NAME = "$(TARGET_NAME)";
				SWIFT_VERSION = 5.0;
				TARGETED_DEVICE_FAMILY = "1,2";
			};
			name = Debug;
		};
		DB24D69025D1B640004C19B2 /* Release */ = {
			isa = XCBuildConfiguration;
			buildSettings = {
				ASSETCATALOG_COMPILER_APPICON_NAME = AppIcon;
				ASSETCATALOG_COMPILER_GLOBAL_ACCENT_COLOR_NAME = AccentColor;
				CODE_SIGN_STYLE = Automatic;
				DEVELOPMENT_TEAM = 466V96X8L3;
				INFOPLIST_FILE = PruebaTest/Info.plist;
				LD_RUNPATH_SEARCH_PATHS = (
					"$(inherited)",
					"@executable_path/Frameworks",
				);
				PRODUCT_BUNDLE_IDENTIFIER = com.Cesaga.PruebaTest;
				PRODUCT_NAME = "$(TARGET_NAME)";
				SWIFT_VERSION = 5.0;
				TARGETED_DEVICE_FAMILY = "1,2";
			};
			name = Release;
		};
		DB24D69225D1B640004C19B2 /* Debug */ = {
			isa = XCBuildConfiguration;
			buildSettings = {
				ALWAYS_EMBED_SWIFT_STANDARD_LIBRARIES = YES;
				BUNDLE_LOADER = "$(TEST_HOST)";
				CODE_SIGN_STYLE = Automatic;
				DEVELOPMENT_TEAM = 466V96X8L3;
				INFOPLIST_FILE = PruebaTestTests/Info.plist;
				IPHONEOS_DEPLOYMENT_TARGET = 14.4;
				LD_RUNPATH_SEARCH_PATHS = (
					"$(inherited)",
					"@executable_path/Frameworks",
					"@loader_path/Frameworks",
				);
				PRODUCT_BUNDLE_IDENTIFIER = com.Cesaga.PruebaTestTests;
				PRODUCT_NAME = "$(TARGET_NAME)";
				SWIFT_VERSION = 5.0;
				TARGETED_DEVICE_FAMILY = "1,2";
				TEST_HOST = "$(BUILT_PRODUCTS_DIR)/PruebaTest.app/PruebaTest";
			};
			name = Debug;
		};
		DB24D69325D1B640004C19B2 /* Release */ = {
			isa = XCBuildConfiguration;
			buildSettings = {
				ALWAYS_EMBED_SWIFT_STANDARD_LIBRARIES = YES;
				BUNDLE_LOADER = "$(TEST_HOST)";
				CODE_SIGN_STYLE = Automatic;
				DEVELOPMENT_TEAM = 466V96X8L3;
				INFOPLIST_FILE = PruebaTestTests/Info.plist;
				IPHONEOS_DEPLOYMENT_TARGET = 14.4;
				LD_RUNPATH_SEARCH_PATHS = (
					"$(inherited)",
					"@executable_path/Frameworks",
					"@loader_path/Frameworks",
				);
				PRODUCT_BUNDLE_IDENTIFIER = com.Cesaga.PruebaTestTests;
				PRODUCT_NAME = "$(TARGET_NAME)";
				SWIFT_VERSION = 5.0;
				TARGETED_DEVICE_FAMILY = "1,2";
				TEST_HOST = "$(BUILT_PRODUCTS_DIR)/PruebaTest.app/PruebaTest";
			};
			name = Release;
		};
		DB24D69525D1B640004C19B2 /* Debug */ = {
			isa = XCBuildConfiguration;
			buildSettings = {
				ALWAYS_EMBED_SWIFT_STANDARD_LIBRARIES = YES;
				CODE_SIGN_STYLE = Automatic;
				DEVELOPMENT_TEAM = 466V96X8L3;
				INFOPLIST_FILE = PruebaTestUITests/Info.plist;
				LD_RUNPATH_SEARCH_PATHS = (
					"$(inherited)",
					"@executable_path/Frameworks",
					"@loader_path/Frameworks",
				);
				PRODUCT_BUNDLE_IDENTIFIER = com.Cesaga.PruebaTestUITests;
				PRODUCT_NAME = "$(TARGET_NAME)";
				SWIFT_VERSION = 5.0;
				TARGETED_DEVICE_FAMILY = "1,2";
				TEST_TARGET_NAME = PruebaTest;
			};
			name = Debug;
		};
		DB24D69625D1B640004C19B2 /* Release */ = {
			isa = XCBuildConfiguration;
			buildSettings = {
				ALWAYS_EMBED_SWIFT_STANDARD_LIBRARIES = YES;
				CODE_SIGN_STYLE = Automatic;
				DEVELOPMENT_TEAM = 466V96X8L3;
				INFOPLIST_FILE = PruebaTestUITests/Info.plist;
				LD_RUNPATH_SEARCH_PATHS = (
					"$(inherited)",
					"@executable_path/Frameworks",
					"@loader_path/Frameworks",
				);
				PRODUCT_BUNDLE_IDENTIFIER = com.Cesaga.PruebaTestUITests;
				PRODUCT_NAME = "$(TARGET_NAME)";
				SWIFT_VERSION = 5.0;
				TARGETED_DEVICE_FAMILY = "1,2";
				TEST_TARGET_NAME = PruebaTest;
			};
			name = Release;
		};
/* End XCBuildConfiguration section */

/* Begin XCConfigurationList section */
		DB24D65F25D1B63D004C19B2 /* Build configuration list for PBXProject "PruebaTest" */ = {
			isa = XCConfigurationList;
			buildConfigurations = (
				DB24D68C25D1B640004C19B2 /* Debug */,
				DB24D68D25D1B640004C19B2 /* Release */,
			);
			defaultConfigurationIsVisible = 0;
			defaultConfigurationName = Release;
		};
		DB24D68E25D1B640004C19B2 /* Build configuration list for PBXNativeTarget "PruebaTest" */ = {
			isa = XCConfigurationList;
			buildConfigurations = (
				DB24D68F25D1B640004C19B2 /* Debug */,
				DB24D69025D1B640004C19B2 /* Release */,
			);
			defaultConfigurationIsVisible = 0;
			defaultConfigurationName = Release;
		};
		DB24D69125D1B640004C19B2 /* Build configuration list for PBXNativeTarget "PruebaTestTests" */ = {
			isa = XCConfigurationList;
			buildConfigurations = (
				DB24D69225D1B640004C19B2 /* Debug */,
				DB24D69325D1B640004C19B2 /* Release */,
			);
			defaultConfigurationIsVisible = 0;
			defaultConfigurationName = Release;
		};
		DB24D69425D1B640004C19B2 /* Build configuration list for PBXNativeTarget "PruebaTestUITests" */ = {
			isa = XCConfigurationList;
			buildConfigurations = (
				DB24D69525D1B640004C19B2 /* Debug */,
				DB24D69625D1B640004C19B2 /* Release */,
			);
			defaultConfigurationIsVisible = 0;
			defaultConfigurationName = Release;
		};
/* End XCConfigurationList section */
	};
	rootObject = DB24D65C25D1B63D004C19B2 /* Project object */;
}
